// !$*UTF8*$!
{
	archiveVersion = 1;
	classes = {
	};
	objectVersion = 46;
	objects = {

/* Begin PBXBuildFile section */
		E2FEE39B1DF430CA00043788 /* AppDelegate.swift in Sources */ = {isa = PBXBuildFile; fileRef = E2FEE39A1DF430CA00043788 /* AppDelegate.swift */; };
		E2FEE39D1DF430CA00043788 /* ViewController.swift in Sources */ = {isa = PBXBuildFile; fileRef = E2FEE39C1DF430CA00043788 /* ViewController.swift */; };
		E2FEE3A01DF430CA00043788 /* Main.storyboard in Resources */ = {isa = PBXBuildFile; fileRef = E2FEE39E1DF430CA00043788 /* Main.storyboard */; };
		E2FEE3A21DF430CA00043788 /* Assets.xcassets in Resources */ = {isa = PBXBuildFile; fileRef = E2FEE3A11DF430CA00043788 /* Assets.xcassets */; };
		E2FEE3A51DF430CA00043788 /* LaunchScreen.storyboard in Resources */ = {isa = PBXBuildFile; fileRef = E2FEE3A31DF430CA00043788 /* LaunchScreen.storyboard */; };
		E2FEE3B01DF430CB00043788 /* ExpandingTableViewTests.swift in Sources */ = {isa = PBXBuildFile; fileRef = E2FEE3AF1DF430CB00043788 /* ExpandingTableViewTests.swift */; };
		E2FEE3BB1DF430CB00043788 /* ExpandingTableViewUITests.swift in Sources */ = {isa = PBXBuildFile; fileRef = E2FEE3BA1DF430CB00043788 /* ExpandingTableViewUITests.swift */; };
/* End PBXBuildFile section */

/* Begin PBXContainerItemProxy section */
		E2FEE3AC1DF430CB00043788 /* PBXContainerItemProxy */ = {
			isa = PBXContainerItemProxy;
			containerPortal = E2FEE38F1DF430C900043788 /* Project object */;
			proxyType = 1;
			remoteGlobalIDString = E2FEE3961DF430C900043788;
			remoteInfo = ExpandingTableView;
		};
		E2FEE3B71DF430CB00043788 /* PBXContainerItemProxy */ = {
			isa = PBXContainerItemProxy;
			containerPortal = E2FEE38F1DF430C900043788 /* Project object */;
			proxyType = 1;
			remoteGlobalIDString = E2FEE3961DF430C900043788;
			remoteInfo = ExpandingTableView;
		};
/* End PBXContainerItemProxy section */

/* Begin PBXFileReference section */
		E2FEE3971DF430CA00043788 /* ExpandingTableView.app */ = {isa = PBXFileReference; explicitFileType = wrapper.application; includeInIndex = 0; path = ExpandingTableView.app; sourceTree = BUILT_PRODUCTS_DIR; };
		E2FEE39A1DF430CA00043788 /* AppDelegate.swift */ = {isa = PBXFileReference; lastKnownFileType = sourcecode.swift; path = AppDelegate.swift; sourceTree = "<group>"; };
		E2FEE39C1DF430CA00043788 /* ViewController.swift */ = {isa = PBXFileReference; lastKnownFileType = sourcecode.swift; path = ViewController.swift; sourceTree = "<group>"; };
		E2FEE39F1DF430CA00043788 /* Base */ = {isa = PBXFileReference; lastKnownFileType = file.storyboard; name = Base; path = Base.lproj/Main.storyboard; sourceTree = "<group>"; };
		E2FEE3A11DF430CA00043788 /* Assets.xcassets */ = {isa = PBXFileReference; lastKnownFileType = folder.assetcatalog; path = Assets.xcassets; sourceTree = "<group>"; };
		E2FEE3A41DF430CA00043788 /* Base */ = {isa = PBXFileReference; lastKnownFileType = file.storyboard; name = Base; path = Base.lproj/LaunchScreen.storyboard; sourceTree = "<group>"; };
		E2FEE3A61DF430CA00043788 /* Info.plist */ = {isa = PBXFileReference; lastKnownFileType = text.plist.xml; path = Info.plist; sourceTree = "<group>"; };
		E2FEE3AB1DF430CB00043788 /* ExpandingTableViewTests.xctest */ = {isa = PBXFileReference; explicitFileType = wrapper.cfbundle; includeInIndex = 0; path = ExpandingTableViewTests.xctest; sourceTree = BUILT_PRODUCTS_DIR; };
		E2FEE3AF1DF430CB00043788 /* ExpandingTableViewTests.swift */ = {isa = PBXFileReference; lastKnownFileType = sourcecode.swift; path = ExpandingTableViewTests.swift; sourceTree = "<group>"; };
		E2FEE3B11DF430CB00043788 /* Info.plist */ = {isa = PBXFileReference; lastKnownFileType = text.plist.xml; path = Info.plist; sourceTree = "<group>"; };
		E2FEE3B61DF430CB00043788 /* ExpandingTableViewUITests.xctest */ = {isa = PBXFileReference; explicitFileType = wrapper.cfbundle; includeInIndex = 0; path = ExpandingTableViewUITests.xctest; sourceTree = BUILT_PRODUCTS_DIR; };
		E2FEE3BA1DF430CB00043788 /* ExpandingTableViewUITests.swift */ = {isa = PBXFileReference; lastKnownFileType = sourcecode.swift; path = ExpandingTableViewUITests.swift; sourceTree = "<group>"; };
		E2FEE3BC1DF430CB00043788 /* Info.plist */ = {isa = PBXFileReference; lastKnownFileType = text.plist.xml; path = Info.plist; sourceTree = "<group>"; };
/* End PBXFileReference section */

/* Begin PBXFrameworksBuildPhase section */
		E2FEE3941DF430C900043788 /* Frameworks */ = {
			isa = PBXFrameworksBuildPhase;
			buildActionMask = 2147483647;
			files = (
			);
			runOnlyForDeploymentPostprocessing = 0;
		};
		E2FEE3A81DF430CB00043788 /* Frameworks */ = {
			isa = PBXFrameworksBuildPhase;
			buildActionMask = 2147483647;
			files = (
			);
			runOnlyForDeploymentPostprocessing = 0;
		};
		E2FEE3B31DF430CB00043788 /* Frameworks */ = {
			isa = PBXFrameworksBuildPhase;
			buildActionMask = 2147483647;
			files = (
			);
			runOnlyForDeploymentPostprocessing = 0;
		};
/* End PBXFrameworksBuildPhase section */

/* Begin PBXGroup section */
		E2FEE38E1DF430C900043788 = {
			isa = PBXGroup;
			children = (
				E2FEE3991DF430CA00043788 /* ExpandingTableView */,
				E2FEE3AE1DF430CB00043788 /* ExpandingTableViewTests */,
				E2FEE3B91DF430CB00043788 /* ExpandingTableViewUITests */,
				E2FEE3981DF430CA00043788 /* Products */,
			);
			sourceTree = "<group>";
		};
		E2FEE3981DF430CA00043788 /* Products */ = {
			isa = PBXGroup;
			children = (
				E2FEE3971DF430CA00043788 /* ExpandingTableView.app */,
				E2FEE3AB1DF430CB00043788 /* ExpandingTableViewTests.xctest */,
				E2FEE3B61DF430CB00043788 /* ExpandingTableViewUITests.xctest */,
			);
			name = Products;
			sourceTree = "<group>";
		};
		E2FEE3991DF430CA00043788 /* ExpandingTableView */ = {
			isa = PBXGroup;
			children = (
				E2FEE39A1DF430CA00043788 /* AppDelegate.swift */,
				E2FEE39C1DF430CA00043788 /* ViewController.swift */,
				E2FEE39E1DF430CA00043788 /* Main.storyboard */,
				E2FEE3A11DF430CA00043788 /* Assets.xcassets */,
				E2FEE3A31DF430CA00043788 /* LaunchScreen.storyboard */,
				E2FEE3A61DF430CA00043788 /* Info.plist */,
			);
			path = ExpandingTableView;
			sourceTree = "<group>";
		};
		E2FEE3AE1DF430CB00043788 /* ExpandingTableViewTests */ = {
			isa = PBXGroup;
			children = (
				E2FEE3AF1DF430CB00043788 /* ExpandingTableViewTests.swift */,
				E2FEE3B11DF430CB00043788 /* Info.plist */,
			);
			path = ExpandingTableViewTests;
			sourceTree = "<group>";
		};
		E2FEE3B91DF430CB00043788 /* ExpandingTableViewUITests */ = {
			isa = PBXGroup;
			children = (
				E2FEE3BA1DF430CB00043788 /* ExpandingTableViewUITests.swift */,
				E2FEE3BC1DF430CB00043788 /* Info.plist */,
			);
			path = ExpandingTableViewUITests;
			sourceTree = "<group>";
		};
/* End PBXGroup section */

/* Begin PBXNativeTarget section */
		E2FEE3961DF430C900043788 /* ExpandingTableView */ = {
			isa = PBXNativeTarget;
			buildConfigurationList = E2FEE3BF1DF430CB00043788 /* Build configuration list for PBXNativeTarget "ExpandingTableView" */;
			buildPhases = (
				E2FEE3931DF430C900043788 /* Sources */,
				E2FEE3941DF430C900043788 /* Frameworks */,
				E2FEE3951DF430C900043788 /* Resources */,
			);
			buildRules = (
			);
			dependencies = (
			);
			name = ExpandingTableView;
			productName = ExpandingTableView;
			productReference = E2FEE3971DF430CA00043788 /* ExpandingTableView.app */;
			productType = "com.apple.product-type.application";
		};
		E2FEE3AA1DF430CB00043788 /* ExpandingTableViewTests */ = {
			isa = PBXNativeTarget;
			buildConfigurationList = E2FEE3C21DF430CB00043788 /* Build configuration list for PBXNativeTarget "ExpandingTableViewTests" */;
			buildPhases = (
				E2FEE3A71DF430CB00043788 /* Sources */,
				E2FEE3A81DF430CB00043788 /* Frameworks */,
				E2FEE3A91DF430CB00043788 /* Resources */,
			);
			buildRules = (
			);
			dependencies = (
				E2FEE3AD1DF430CB00043788 /* PBXTargetDependency */,
			);
			name = ExpandingTableViewTests;
			productName = ExpandingTableViewTests;
			productReference = E2FEE3AB1DF430CB00043788 /* ExpandingTableViewTests.xctest */;
			productType = "com.apple.product-type.bundle.unit-test";
		};
		E2FEE3B51DF430CB00043788 /* ExpandingTableViewUITests */ = {
			isa = PBXNativeTarget;
			buildConfigurationList = E2FEE3C51DF430CB00043788 /* Build configuration list for PBXNativeTarget "ExpandingTableViewUITests" */;
			buildPhases = (
				E2FEE3B21DF430CB00043788 /* Sources */,
				E2FEE3B31DF430CB00043788 /* Frameworks */,
				E2FEE3B41DF430CB00043788 /* Resources */,
			);
			buildRules = (
			);
			dependencies = (
				E2FEE3B81DF430CB00043788 /* PBXTargetDependency */,
			);
			name = ExpandingTableViewUITests;
			productName = ExpandingTableViewUITests;
			productReference = E2FEE3B61DF430CB00043788 /* ExpandingTableViewUITests.xctest */;
			productType = "com.apple.product-type.bundle.ui-testing";
		};
/* End PBXNativeTarget section */

/* Begin PBXProject section */
		E2FEE38F1DF430C900043788 /* Project object */ = {
			isa = PBXProject;
			attributes = {
				LastSwiftUpdateCheck = 0810;
				LastUpgradeCheck = 0810;
				ORGANIZATIONNAME = CodeBaseCamp;
				TargetAttributes = {
					E2FEE3961DF430C900043788 = {
						CreatedOnToolsVersion = 8.1;
						ProvisioningStyle = Automatic;
					};
					E2FEE3AA1DF430CB00043788 = {
						CreatedOnToolsVersion = 8.1;
						ProvisioningStyle = Automatic;
						TestTargetID = E2FEE3961DF430C900043788;
					};
					E2FEE3B51DF430CB00043788 = {
						CreatedOnToolsVersion = 8.1;
						ProvisioningStyle = Automatic;
						TestTargetID = E2FEE3961DF430C900043788;
					};
				};
			};
			buildConfigurationList = E2FEE3921DF430C900043788 /* Build configuration list for PBXProject "ExpandingTableView" */;
			compatibilityVersion = "Xcode 3.2";
			developmentRegion = English;
			hasScannedForEncodings = 0;
			knownRegions = (
				en,
				Base,
			);
			mainGroup = E2FEE38E1DF430C900043788;
			productRefGroup = E2FEE3981DF430CA00043788 /* Products */;
			projectDirPath = "";
			projectRoot = "";
			targets = (
				E2FEE3961DF430C900043788 /* ExpandingTableView */,
				E2FEE3AA1DF430CB00043788 /* ExpandingTableViewTests */,
				E2FEE3B51DF430CB00043788 /* ExpandingTableViewUITests */,
			);
		};
/* End PBXProject section */

/* Begin PBXResourcesBuildPhase section */
		E2FEE3951DF430C900043788 /* Resources */ = {
			isa = PBXResourcesBuildPhase;
			buildActionMask = 2147483647;
			files = (
				E2FEE3A51DF430CA00043788 /* LaunchScreen.storyboard in Resources */,
				E2FEE3A21DF430CA00043788 /* Assets.xcassets in Resources */,
				E2FEE3A01DF430CA00043788 /* Main.storyboard in Resources */,
			);
			runOnlyForDeploymentPostprocessing = 0;
		};
		E2FEE3A91DF430CB00043788 /* Resources */ = {
			isa = PBXResourcesBuildPhase;
			buildActionMask = 2147483647;
			files = (
			);
			runOnlyForDeploymentPostprocessing = 0;
		};
		E2FEE3B41DF430CB00043788 /* Resources */ = {
			isa = PBXResourcesBuildPhase;
			buildActionMask = 2147483647;
			files = (
			);
			runOnlyForDeploymentPostprocessing = 0;
		};
/* End PBXResourcesBuildPhase section */

/* Begin PBXSourcesBuildPhase section */
		E2FEE3931DF430C900043788 /* Sources */ = {
			isa = PBXSourcesBuildPhase;
			buildActionMask = 2147483647;
			files = (
				E2FEE39D1DF430CA00043788 /* ViewController.swift in Sources */,
				E2FEE39B1DF430CA00043788 /* AppDelegate.swift in Sources */,
			);
			runOnlyForDeploymentPostprocessing = 0;
		};
		E2FEE3A71DF430CB00043788 /* Sources */ = {
			isa = PBXSourcesBuildPhase;
			buildActionMask = 2147483647;
			files = (
				E2FEE3B01DF430CB00043788 /* ExpandingTableViewTests.swift in Sources */,
			);
			runOnlyForDeploymentPostprocessing = 0;
		};
		E2FEE3B21DF430CB00043788 /* Sources */ = {
			isa = PBXSourcesBuildPhase;
			buildActionMask = 2147483647;
			files = (
				E2FEE3BB1DF430CB00043788 /* ExpandingTableViewUITests.swift in Sources */,
			);
			runOnlyForDeploymentPostprocessing = 0;
		};
/* End PBXSourcesBuildPhase section */

/* Begin PBXTargetDependency section */
		E2FEE3AD1DF430CB00043788 /* PBXTargetDependency */ = {
			isa = PBXTargetDependency;
			target = E2FEE3961DF430C900043788 /* ExpandingTableView */;
			targetProxy = E2FEE3AC1DF430CB00043788 /* PBXContainerItemProxy */;
		};
		E2FEE3B81DF430CB00043788 /* PBXTargetDependency */ = {
			isa = PBXTargetDependency;
			target = E2FEE3961DF430C900043788 /* ExpandingTableView */;
			targetProxy = E2FEE3B71DF430CB00043788 /* PBXContainerItemProxy */;
		};
/* End PBXTargetDependency section */

/* Begin PBXVariantGroup section */
		E2FEE39E1DF430CA00043788 /* Main.storyboard */ = {
			isa = PBXVariantGroup;
			children = (
				E2FEE39F1DF430CA00043788 /* Base */,
			);
			name = Main.storyboard;
			sourceTree = "<group>";
		};
		E2FEE3A31DF430CA00043788 /* LaunchScreen.storyboard */ = {
			isa = PBXVariantGroup;
			children = (
				E2FEE3A41DF430CA00043788 /* Base */,
			);
			name = LaunchScreen.storyboard;
			sourceTree = "<group>";
		};
/* End PBXVariantGroup section */

/* Begin XCBuildConfiguration section */
		E2FEE3BD1DF430CB00043788 /* Debug */ = {
			isa = XCBuildConfiguration;
			buildSettings = {
				ALWAYS_SEARCH_USER_PATHS = NO;
				CLANG_ANALYZER_NONNULL = YES;
				CLANG_CXX_LANGUAGE_STANDARD = "gnu++0x";
				CLANG_CXX_LIBRARY = "libc++";
				CLANG_ENABLE_MODULES = YES;
				CLANG_ENABLE_OBJC_ARC = YES;
				CLANG_WARN_BOOL_CONVERSION = YES;
				CLANG_WARN_CONSTANT_CONVERSION = YES;
				CLANG_WARN_DIRECT_OBJC_ISA_USAGE = YES_ERROR;
				CLANG_WARN_DOCUMENTATION_COMMENTS = YES;
				CLANG_WARN_EMPTY_BODY = YES;
				CLANG_WARN_ENUM_CONVERSION = YES;
				CLANG_WARN_INFINITE_RECURSION = YES;
				CLANG_WARN_INT_CONVERSION = YES;
				CLANG_WARN_OBJC_ROOT_CLASS = YES_ERROR;
				CLANG_WARN_SUSPICIOUS_MOVES = YES;
				CLANG_WARN_UNREACHABLE_CODE = YES;
				CLANG_WARN__DUPLICATE_METHOD_MATCH = YES;
				"CODE_SIGN_IDENTITY[sdk=iphoneos*]" = "iPhone Developer";
				COPY_PHASE_STRIP = NO;
				DEBUG_INFORMATION_FORMAT = dwarf;
				ENABLE_STRICT_OBJC_MSGSEND = YES;
				ENABLE_TESTABILITY = YES;
				GCC_C_LANGUAGE_STANDARD = gnu99;
				GCC_DYNAMIC_NO_PIC = NO;
				GCC_NO_COMMON_BLOCKS = YES;
				GCC_OPTIMIZATION_LEVEL = 0;
				GCC_PREPROCESSOR_DEFINITIONS = (
					"DEBUG=1",
					"$(inherited)",
				);
				GCC_WARN_64_TO_32_BIT_CONVERSION = YES;
				GCC_WARN_ABOUT_RETURN_TYPE = YES_ERROR;
				GCC_WARN_UNDECLARED_SELECTOR = YES;
				GCC_WARN_UNINITIALIZED_AUTOS = YES_AGGRESSIVE;
				GCC_WARN_UNUSED_FUNCTION = YES;
				GCC_WARN_UNUSED_VARIABLE = YES;
				IPHONEOS_DEPLOYMENT_TARGET = 10.1;
				MTL_ENABLE_DEBUG_INFO = YES;
				ONLY_ACTIVE_ARCH = YES;
				SDKROOT = iphoneos;
				SWIFT_ACTIVE_COMPILATION_CONDITIONS = DEBUG;
				SWIFT_OPTIMIZATION_LEVEL = "-Onone";
				TARGETED_DEVICE_FAMILY = "1,2";
			};
			name = Debug;
		};
		E2FEE3BE1DF430CB00043788 /* Release */ = {
			isa = XCBuildConfiguration;
			buildSettings = {
				ALWAYS_SEARCH_USER_PATHS = NO;
				CLANG_ANALYZER_NONNULL = YES;
				CLANG_CXX_LANGUAGE_STANDARD = "gnu++0x";
				CLANG_CXX_LIBRARY = "libc++";
				CLANG_ENABLE_MODULES = YES;
				CLANG_ENABLE_OBJC_ARC = YES;
				CLANG_WARN_BOOL_CONVERSION = YES;
				CLANG_WARN_CONSTANT_CONVERSION = YES;
				CLANG_WARN_DIRECT_OBJC_ISA_USAGE = YES_ERROR;
				CLANG_WARN_DOCUMENTATION_COMMENTS = YES;
				CLANG_WARN_EMPTY_BODY = YES;
				CLANG_WARN_ENUM_CONVERSION = YES;
				CLANG_WARN_INFINITE_RECURSION = YES;
				CLANG_WARN_INT_CONVERSION = YES;
				CLANG_WARN_OBJC_ROOT_CLASS = YES_ERROR;
				CLANG_WARN_SUSPICIOUS_MOVES = YES;
				CLANG_WARN_UNREACHABLE_CODE = YES;
				CLANG_WARN__DUPLICATE_METHOD_MATCH = YES;
				"CODE_SIGN_IDENTITY[sdk=iphoneos*]" = "iPhone Developer";
				COPY_PHASE_STRIP = NO;
				DEBUG_INFORMATION_FORMAT = "dwarf-with-dsym";
				ENABLE_NS_ASSERTIONS = NO;
				ENABLE_STRICT_OBJC_MSGSEND = YES;
				GCC_C_LANGUAGE_STANDARD = gnu99;
				GCC_NO_COMMON_BLOCKS = YES;
				GCC_WARN_64_TO_32_BIT_CONVERSION = YES;
				GCC_WARN_ABOUT_RETURN_TYPE = YES_ERROR;
				GCC_WARN_UNDECLARED_SELECTOR = YES;
				GCC_WARN_UNINITIALIZED_AUTOS = YES_AGGRESSIVE;
				GCC_WARN_UNUSED_FUNCTION = YES;
				GCC_WARN_UNUSED_VARIABLE = YES;
				IPHONEOS_DEPLOYMENT_TARGET = 10.1;
				MTL_ENABLE_DEBUG_INFO = NO;
				SDKROOT = iphoneos;
				SWIFT_OPTIMIZATION_LEVEL = "-Owholemodule";
				TARGETED_DEVICE_FAMILY = "1,2";
				VALIDATE_PRODUCT = YES;
			};
			name = Release;
		};
		E2FEE3C01DF430CB00043788 /* Debug */ = {
			isa = XCBuildConfiguration;
			buildSettings = {
				ASSETCATALOG_COMPILER_APPICON_NAME = AppIcon;
				INFOPLIST_FILE = ExpandingTableView/Info.plist;
				LD_RUNPATH_SEARCH_PATHS = "$(inherited) @executable_path/Frameworks";
				PRODUCT_BUNDLE_IDENTIFIER = codebasecamp.ExpandingTableView;
				PRODUCT_NAME = "$(TARGET_NAME)";
				SWIFT_VERSION = 3.0;
			};
			name = Debug;
		};
		E2FEE3C11DF430CB00043788 /* Release */ = {
			isa = XCBuildConfiguration;
			buildSettings = {
				ASSETCATALOG_COMPILER_APPICON_NAME = AppIcon;
				INFOPLIST_FILE = ExpandingTableView/Info.plist;
				LD_RUNPATH_SEARCH_PATHS = "$(inherited) @executable_path/Frameworks";
				PRODUCT_BUNDLE_IDENTIFIER = codebasecamp.ExpandingTableView;
				PRODUCT_NAME = "$(TARGET_NAME)";
				SWIFT_VERSION = 3.0;
			};
			name = Release;
		};
		E2FEE3C31DF430CB00043788 /* Debug */ = {
			isa = XCBuildConfiguration;
			buildSettings = {
				ALWAYS_EMBED_SWIFT_STANDARD_LIBRARIES = YES;
				BUNDLE_LOADER = "$(TEST_HOST)";
				INFOPLIST_FILE = ExpandingTableViewTests/Info.plist;
				LD_RUNPATH_SEARCH_PATHS = "$(inherited) @executable_path/Frameworks @loader_path/Frameworks";
				PRODUCT_BUNDLE_IDENTIFIER = codebasecamp.ExpandingTableViewTests;
				PRODUCT_NAME = "$(TARGET_NAME)";
				SWIFT_VERSION = 3.0;
				TEST_HOST = "$(BUILT_PRODUCTS_DIR)/ExpandingTableView.app/ExpandingTableView";
			};
			name = Debug;
		};
		E2FEE3C41DF430CB00043788 /* Release */ = {
			isa = XCBuildConfiguration;
			buildSettings = {
				ALWAYS_EMBED_SWIFT_STANDARD_LIBRARIES = YES;
				BUNDLE_LOADER = "$(TEST_HOST)";
				INFOPLIST_FILE = ExpandingTableViewTests/Info.plist;
				LD_RUNPATH_SEARCH_PATHS = "$(inherited) @executable_path/Frameworks @loader_path/Frameworks";
				PRODUCT_BUNDLE_IDENTIFIER = codebasecamp.ExpandingTableViewTests;
				PRODUCT_NAME = "$(TARGET_NAME)";
				SWIFT_VERSION = 3.0;
				TEST_HOST = "$(BUILT_PRODUCTS_DIR)/ExpandingTableView.app/ExpandingTableView";
			};
			name = Release;
		};
		E2FEE3C61DF430CB00043788 /* Debug */ = {
			isa = XCBuildConfiguration;
			buildSettings = {
				ALWAYS_EMBED_SWIFT_STANDARD_LIBRARIES = YES;
				INFOPLIST_FILE = ExpandingTableViewUITests/Info.plist;
				LD_RUNPATH_SEARCH_PATHS = "$(inherited) @executable_path/Frameworks @loader_path/Frameworks";
				PRODUCT_BUNDLE_IDENTIFIER = codebasecamp.ExpandingTableViewUITests;
				PRODUCT_NAME = "$(TARGET_NAME)";
				SWIFT_VERSION = 3.0;
				TEST_TARGET_NAME = ExpandingTableView;
			};
			name = Debug;
		};
		E2FEE3C71DF430CB00043788 /* Release */ = {
			isa = XCBuildConfiguration;
			buildSettings = {
				ALWAYS_EMBED_SWIFT_STANDARD_LIBRARIES = YES;
				INFOPLIST_FILE = ExpandingTableViewUITests/Info.plist;
				LD_RUNPATH_SEARCH_PATHS = "$(inherited) @executable_path/Frameworks @loader_path/Frameworks";
				PRODUCT_BUNDLE_IDENTIFIER = codebasecamp.ExpandingTableViewUITests;
				PRODUCT_NAME = "$(TARGET_NAME)";
				SWIFT_VERSION = 3.0;
				TEST_TARGET_NAME = ExpandingTableView;
			};
			name = Release;
		};
/* End XCBuildConfiguration section */

/* Begin XCConfigurationList section */
		E2FEE3921DF430C900043788 /* Build configuration list for PBXProject "ExpandingTableView" */ = {
			isa = XCConfigurationList;
			buildConfigurations = (
				E2FEE3BD1DF430CB00043788 /* Debug */,
				E2FEE3BE1DF430CB00043788 /* Release */,
			);
			defaultConfigurationIsVisible = 0;
			defaultConfigurationName = Release;
		};
		E2FEE3BF1DF430CB00043788 /* Build configuration list for PBXNativeTarget "ExpandingTableView" */ = {
			isa = XCConfigurationList;
			buildConfigurations = (
				E2FEE3C01DF430CB00043788 /* Debug */,
				E2FEE3C11DF430CB00043788 /* Release */,
			);
			defaultConfigurationIsVisible = 0;
		};
		E2FEE3C21DF430CB00043788 /* Build configuration list for PBXNativeTarget "ExpandingTableViewTests" */ = {
			isa = XCConfigurationList;
			buildConfigurations = (
				E2FEE3C31DF430CB00043788 /* Debug */,
				E2FEE3C41DF430CB00043788 /* Release */,
			);
			defaultConfigurationIsVisible = 0;
		};
		E2FEE3C51DF430CB00043788 /* Build configuration list for PBXNativeTarget "ExpandingTableViewUITests" */ = {
			isa = XCConfigurationList;
			buildConfigurations = (
				E2FEE3C61DF430CB00043788 /* Debug */,
				E2FEE3C71DF430CB00043788 /* Release */,
			);
			defaultConfigurationIsVisible = 0;
		};
/* End XCConfigurationList section */
	};
	rootObject = E2FEE38F1DF430C900043788 /* Project object */;
}
